// !$*UTF8*$!
{
	archiveVersion = 1;
	classes = {
	};
	objectVersion = 48;
	objects = {

/* Begin PBXBuildFile section */
		150C2D3D1F816B91000C2891 /* AppDelegate.swift in Sources */ = {isa = PBXBuildFile; fileRef = 150C2D3C1F816B91000C2891 /* AppDelegate.swift */; };
		150C2D3F1F816B91000C2891 /* ViewController.swift in Sources */ = {isa = PBXBuildFile; fileRef = 150C2D3E1F816B91000C2891 /* ViewController.swift */; };
		150C2D421F816B91000C2891 /* Main.storyboard in Resources */ = {isa = PBXBuildFile; fileRef = 150C2D401F816B91000C2891 /* Main.storyboard */; };
		150C2D451F816B91000C2891 /* Jahizli.xcdatamodeld in Sources */ = {isa = PBXBuildFile; fileRef = 150C2D431F816B91000C2891 /* Jahizli.xcdatamodeld */; };
		150C2D471F816B91000C2891 /* Assets.xcassets in Resources */ = {isa = PBXBuildFile; fileRef = 150C2D461F816B91000C2891 /* Assets.xcassets */; };
		150C2D4A1F816B91000C2891 /* LaunchScreen.storyboard in Resources */ = {isa = PBXBuildFile; fileRef = 150C2D481F816B91000C2891 /* LaunchScreen.storyboard */; };
		150C2D551F816B91000C2891 /* JahizliTests.swift in Sources */ = {isa = PBXBuildFile; fileRef = 150C2D541F816B91000C2891 /* JahizliTests.swift */; };
		150C2D601F816B92000C2891 /* JahizliUITests.swift in Sources */ = {isa = PBXBuildFile; fileRef = 150C2D5F1F816B92000C2891 /* JahizliUITests.swift */; };
		151868F71F9D1394006FFD43 /* FKCustomer.swift in Sources */ = {isa = PBXBuildFile; fileRef = 151868F61F9D1394006FFD43 /* FKCustomer.swift */; };
		153597E01FD87EF6007EBCDB /* CreateAccountTableViewController.swift in Sources */ = {isa = PBXBuildFile; fileRef = 153597DF1FD87EF6007EBCDB /* CreateAccountTableViewController.swift */; };
		153597E41FD885DC007EBCDB /* FKCountryCell_EN.swift in Sources */ = {isa = PBXBuildFile; fileRef = 153597E31FD885DC007EBCDB /* FKCountryCell_EN.swift */; };
		153597E61FD88672007EBCDB /* FKPhoneNumberCell_EN.swift in Sources */ = {isa = PBXBuildFile; fileRef = 153597E51FD88672007EBCDB /* FKPhoneNumberCell_EN.swift */; };
		153597E81FD88697007EBCDB /* FKDisclaimerCell_EN.swift in Sources */ = {isa = PBXBuildFile; fileRef = 153597E71FD88697007EBCDB /* FKDisclaimerCell_EN.swift */; };
		15379D371F8BF84C0075EDDB /* FKMenuItem.swift in Sources */ = {isa = PBXBuildFile; fileRef = 15379D361F8BF84C0075EDDB /* FKMenuItem.swift */; };
		153D5F3A1FD6E65F008F19F5 /* FKArea.swift in Sources */ = {isa = PBXBuildFile; fileRef = 153D5F341FD6E65F008F19F5 /* FKArea.swift */; };
		153D5F3B1FD6E65F008F19F5 /* FKCategory.swift in Sources */ = {isa = PBXBuildFile; fileRef = 153D5F351FD6E65F008F19F5 /* FKCategory.swift */; };
		153D5F3C1FD6E65F008F19F5 /* FKCategoryManager.swift in Sources */ = {isa = PBXBuildFile; fileRef = 153D5F361FD6E65F008F19F5 /* FKCategoryManager.swift */; };
		153D5F3D1FD6E65F008F19F5 /* FKAddManager.swift in Sources */ = {isa = PBXBuildFile; fileRef = 153D5F371FD6E65F008F19F5 /* FKAddManager.swift */; };
		153D5F3E1FD6E65F008F19F5 /* FKAreaManager.swift in Sources */ = {isa = PBXBuildFile; fileRef = 153D5F381FD6E65F008F19F5 /* FKAreaManager.swift */; };
		153D5F3F1FD6E65F008F19F5 /* FKCommandCenter.swift in Sources */ = {isa = PBXBuildFile; fileRef = 153D5F391FD6E65F008F19F5 /* FKCommandCenter.swift */; };
		153D5F411FD6E8BC008F19F5 /* GoogleService-Info.plist in Resources */ = {isa = PBXBuildFile; fileRef = 153D5F401FD6E8BC008F19F5 /* GoogleService-Info.plist */; };
		153D5F431FD6F57E008F19F5 /* PhoneAuthViewController.swift in Sources */ = {isa = PBXBuildFile; fileRef = 153D5F421FD6F57E008F19F5 /* PhoneAuthViewController.swift */; };
		153D5F451FD7098E008F19F5 /* InitialViewController.swift in Sources */ = {isa = PBXBuildFile; fileRef = 153D5F441FD7098E008F19F5 /* InitialViewController.swift */; };
		153D5F471FD7100C008F19F5 /* DIN Medium.ttf in Resources */ = {isa = PBXBuildFile; fileRef = 153D5F461FD7100B008F19F5 /* DIN Medium.ttf */; };
		153D5F481FD7100C008F19F5 /* DIN Medium.ttf in Resources */ = {isa = PBXBuildFile; fileRef = 153D5F461FD7100B008F19F5 /* DIN Medium.ttf */; };
		153D5F491FD7100C008F19F5 /* DIN Medium.ttf in Resources */ = {isa = PBXBuildFile; fileRef = 153D5F461FD7100B008F19F5 /* DIN Medium.ttf */; };
		153D5F4B1FD71565008F19F5 /* clanpro.ttf in Resources */ = {isa = PBXBuildFile; fileRef = 153D5F4A1FD71565008F19F5 /* clanpro.ttf */; };
		153D5F4C1FD71565008F19F5 /* clanpro.ttf in Resources */ = {isa = PBXBuildFile; fileRef = 153D5F4A1FD71565008F19F5 /* clanpro.ttf */; };
		153D5F4D1FD71565008F19F5 /* clanpro.ttf in Resources */ = {isa = PBXBuildFile; fileRef = 153D5F4A1FD71565008F19F5 /* clanpro.ttf */; };
		153D5F4F1FD71601008F19F5 /* clanpro-medium.otf in Resources */ = {isa = PBXBuildFile; fileRef = 153D5F4E1FD71600008F19F5 /* clanpro-medium.otf */; };
		153D5F501FD71601008F19F5 /* clanpro-medium.otf in Resources */ = {isa = PBXBuildFile; fileRef = 153D5F4E1FD71600008F19F5 /* clanpro-medium.otf */; };
		153D5F511FD71601008F19F5 /* clanpro-medium.otf in Resources */ = {isa = PBXBuildFile; fileRef = 153D5F4E1FD71600008F19F5 /* clanpro-medium.otf */; };
		153D5F531FD757C4008F19F5 /* DIN Bold.ttf in Resources */ = {isa = PBXBuildFile; fileRef = 153D5F521FD757C3008F19F5 /* DIN Bold.ttf */; };
		153D5F541FD757C4008F19F5 /* DIN Bold.ttf in Resources */ = {isa = PBXBuildFile; fileRef = 153D5F521FD757C3008F19F5 /* DIN Bold.ttf */; };
		153D5F551FD757C4008F19F5 /* DIN Bold.ttf in Resources */ = {isa = PBXBuildFile; fileRef = 153D5F521FD757C3008F19F5 /* DIN Bold.ttf */; };
		1548BBB81F9BBA74000899E7 /* AVFoundation.framework in Frameworks */ = {isa = PBXBuildFile; fileRef = 1548BBB71F9BBA74000899E7 /* AVFoundation.framework */; };
		1548BBBA1F9BBA79000899E7 /* AudioToolbox.framework in Frameworks */ = {isa = PBXBuildFile; fileRef = 1548BBB91F9BBA78000899E7 /* AudioToolbox.framework */; };
		154AC7751F8E8D54009EB6EC /* Extentions.swift in Sources */ = {isa = PBXBuildFile; fileRef = 154AC7741F8E8D54009EB6EC /* Extentions.swift */; };
		154AC77C1F8E97A7009EB6EC /* FKMenu.swift in Sources */ = {isa = PBXBuildFile; fileRef = 154AC77B1F8E97A7009EB6EC /* FKMenu.swift */; };
		154AC7841F93F3A1009EB6EC /* FKSupplier.swift in Sources */ = {isa = PBXBuildFile; fileRef = 154AC7831F93F3A1009EB6EC /* FKSupplier.swift */; };
		154AC7861F95198C009EB6EC /* FKOrderItem.swift in Sources */ = {isa = PBXBuildFile; fileRef = 154AC7851F95198C009EB6EC /* FKOrderItem.swift */; };
		154AC7881F951D53009EB6EC /* FKOrder.swift in Sources */ = {isa = PBXBuildFile; fileRef = 154AC7871F951D53009EB6EC /* FKOrder.swift */; };
		154AC78A1F95627F009EB6EC /* FKSupplierDispatch.swift in Sources */ = {isa = PBXBuildFile; fileRef = 154AC7891F95627F009EB6EC /* FKSupplierDispatch.swift */; };
		15564B901FD8CD03006FEC5B /* DIN-Next.otf in Resources */ = {isa = PBXBuildFile; fileRef = 15564B8F1FD8CD02006FEC5B /* DIN-Next.otf */; };
		15564B911FD8CD03006FEC5B /* DIN-Next.otf in Resources */ = {isa = PBXBuildFile; fileRef = 15564B8F1FD8CD02006FEC5B /* DIN-Next.otf */; };
		15564B921FD8CD03006FEC5B /* DIN-Next.otf in Resources */ = {isa = PBXBuildFile; fileRef = 15564B8F1FD8CD02006FEC5B /* DIN-Next.otf */; };
		25FB7F7126577DEB15C56B2F /* Pods_JahizliTests.framework in Frameworks */ = {isa = PBXBuildFile; fileRef = 7A070E1AFA56E508DA2C333C /* Pods_JahizliTests.framework */; };
		B98C98C8A5119BD104A55331 /* Pods_JahizliUITests.framework in Frameworks */ = {isa = PBXBuildFile; fileRef = CFDE9DCEAE523C00D625FCD1 /* Pods_JahizliUITests.framework */; };
		E4700157CFCCB98D647C3D81 /* Pods_Jahizli.framework in Frameworks */ = {isa = PBXBuildFile; fileRef = 06604E8F35C937F821F8D31B /* Pods_Jahizli.framework */; };
/* End PBXBuildFile section */

/* Begin PBXContainerItemProxy section */
		150C2D511F816B91000C2891 /* PBXContainerItemProxy */ = {
			isa = PBXContainerItemProxy;
			containerPortal = 150C2D311F816B91000C2891 /* Project object */;
			proxyType = 1;
			remoteGlobalIDString = 150C2D381F816B91000C2891;
			remoteInfo = Jahizli;
		};
		150C2D5C1F816B92000C2891 /* PBXContainerItemProxy */ = {
			isa = PBXContainerItemProxy;
			containerPortal = 150C2D311F816B91000C2891 /* Project object */;
			proxyType = 1;
			remoteGlobalIDString = 150C2D381F816B91000C2891;
			remoteInfo = Jahizli;
		};
/* End PBXContainerItemProxy section */

/* Begin PBXFileReference section */
		06604E8F35C937F821F8D31B /* Pods_Jahizli.framework */ = {isa = PBXFileReference; explicitFileType = wrapper.framework; includeInIndex = 0; path = Pods_Jahizli.framework; sourceTree = BUILT_PRODUCTS_DIR; };
		150C2D391F816B91000C2891 /* Jahizli.app */ = {isa = PBXFileReference; explicitFileType = wrapper.application; includeInIndex = 0; path = Jahizli.app; sourceTree = BUILT_PRODUCTS_DIR; };
		150C2D3C1F816B91000C2891 /* AppDelegate.swift */ = {isa = PBXFileReference; lastKnownFileType = sourcecode.swift; path = AppDelegate.swift; sourceTree = "<group>"; };
		150C2D3E1F816B91000C2891 /* ViewController.swift */ = {isa = PBXFileReference; lastKnownFileType = sourcecode.swift; path = ViewController.swift; sourceTree = "<group>"; };
		150C2D411F816B91000C2891 /* Base */ = {isa = PBXFileReference; lastKnownFileType = file.storyboard; name = Base; path = Base.lproj/Main.storyboard; sourceTree = "<group>"; };
		150C2D441F816B91000C2891 /* Jahizli.xcdatamodel */ = {isa = PBXFileReference; lastKnownFileType = wrapper.xcdatamodel; path = Jahizli.xcdatamodel; sourceTree = "<group>"; };
		150C2D461F816B91000C2891 /* Assets.xcassets */ = {isa = PBXFileReference; lastKnownFileType = folder.assetcatalog; path = Assets.xcassets; sourceTree = "<group>"; };
		150C2D491F816B91000C2891 /* Base */ = {isa = PBXFileReference; lastKnownFileType = file.storyboard; name = Base; path = Base.lproj/LaunchScreen.storyboard; sourceTree = "<group>"; };
		150C2D4B1F816B91000C2891 /* Info.plist */ = {isa = PBXFileReference; lastKnownFileType = text.plist.xml; path = Info.plist; sourceTree = "<group>"; };
		150C2D501F816B91000C2891 /* JahizliTests.xctest */ = {isa = PBXFileReference; explicitFileType = wrapper.cfbundle; includeInIndex = 0; path = JahizliTests.xctest; sourceTree = BUILT_PRODUCTS_DIR; };
		150C2D541F816B91000C2891 /* JahizliTests.swift */ = {isa = PBXFileReference; lastKnownFileType = sourcecode.swift; path = JahizliTests.swift; sourceTree = "<group>"; };
		150C2D561F816B91000C2891 /* Info.plist */ = {isa = PBXFileReference; lastKnownFileType = text.plist.xml; path = Info.plist; sourceTree = "<group>"; };
		150C2D5B1F816B91000C2891 /* JahizliUITests.xctest */ = {isa = PBXFileReference; explicitFileType = wrapper.cfbundle; includeInIndex = 0; path = JahizliUITests.xctest; sourceTree = BUILT_PRODUCTS_DIR; };
		150C2D5F1F816B92000C2891 /* JahizliUITests.swift */ = {isa = PBXFileReference; lastKnownFileType = sourcecode.swift; path = JahizliUITests.swift; sourceTree = "<group>"; };
		150C2D611F816B92000C2891 /* Info.plist */ = {isa = PBXFileReference; lastKnownFileType = text.plist.xml; path = Info.plist; sourceTree = "<group>"; };
		151868F41F9BC859006FFD43 /* Jahizli.entitlements */ = {isa = PBXFileReference; lastKnownFileType = text.plist.entitlements; path = Jahizli.entitlements; sourceTree = "<group>"; };
		151868F61F9D1394006FFD43 /* FKCustomer.swift */ = {isa = PBXFileReference; lastKnownFileType = sourcecode.swift; path = FKCustomer.swift; sourceTree = "<group>"; };
		153597DF1FD87EF6007EBCDB /* CreateAccountTableViewController.swift */ = {isa = PBXFileReference; lastKnownFileType = sourcecode.swift; path = CreateAccountTableViewController.swift; sourceTree = "<group>"; };
		153597E31FD885DC007EBCDB /* FKCountryCell_EN.swift */ = {isa = PBXFileReference; lastKnownFileType = sourcecode.swift; path = FKCountryCell_EN.swift; sourceTree = "<group>"; };
		153597E51FD88672007EBCDB /* FKPhoneNumberCell_EN.swift */ = {isa = PBXFileReference; lastKnownFileType = sourcecode.swift; path = FKPhoneNumberCell_EN.swift; sourceTree = "<group>"; };
		153597E71FD88697007EBCDB /* FKDisclaimerCell_EN.swift */ = {isa = PBXFileReference; lastKnownFileType = sourcecode.swift; path = FKDisclaimerCell_EN.swift; sourceTree = "<group>"; };
		15379D361F8BF84C0075EDDB /* FKMenuItem.swift */ = {isa = PBXFileReference; lastKnownFileType = sourcecode.swift; path = FKMenuItem.swift; sourceTree = "<group>"; };
		153D5F341FD6E65F008F19F5 /* FKArea.swift */ = {isa = PBXFileReference; fileEncoding = 4; lastKnownFileType = sourcecode.swift; path = FKArea.swift; sourceTree = "<group>"; };
		153D5F351FD6E65F008F19F5 /* FKCategory.swift */ = {isa = PBXFileReference; fileEncoding = 4; lastKnownFileType = sourcecode.swift; path = FKCategory.swift; sourceTree = "<group>"; };
		153D5F361FD6E65F008F19F5 /* FKCategoryManager.swift */ = {isa = PBXFileReference; fileEncoding = 4; lastKnownFileType = sourcecode.swift; path = FKCategoryManager.swift; sourceTree = "<group>"; };
		153D5F371FD6E65F008F19F5 /* FKAddManager.swift */ = {isa = PBXFileReference; fileEncoding = 4; lastKnownFileType = sourcecode.swift; path = FKAddManager.swift; sourceTree = "<group>"; };
		153D5F381FD6E65F008F19F5 /* FKAreaManager.swift */ = {isa = PBXFileReference; fileEncoding = 4; lastKnownFileType = sourcecode.swift; path = FKAreaManager.swift; sourceTree = "<group>"; };
		153D5F391FD6E65F008F19F5 /* FKCommandCenter.swift */ = {isa = PBXFileReference; fileEncoding = 4; lastKnownFileType = sourcecode.swift; path = FKCommandCenter.swift; sourceTree = "<group>"; };
		153D5F401FD6E8BC008F19F5 /* GoogleService-Info.plist */ = {isa = PBXFileReference; fileEncoding = 4; lastKnownFileType = text.plist.xml; path = "GoogleService-Info.plist"; sourceTree = "<group>"; };
		153D5F421FD6F57E008F19F5 /* PhoneAuthViewController.swift */ = {isa = PBXFileReference; lastKnownFileType = sourcecode.swift; path = PhoneAuthViewController.swift; sourceTree = "<group>"; };
		153D5F441FD7098E008F19F5 /* InitialViewController.swift */ = {isa = PBXFileReference; lastKnownFileType = sourcecode.swift; path = InitialViewController.swift; sourceTree = "<group>"; };
		153D5F461FD7100B008F19F5 /* DIN Medium.ttf */ = {isa = PBXFileReference; lastKnownFileType = file; path = "DIN Medium.ttf"; sourceTree = "<group>"; };
		153D5F4A1FD71565008F19F5 /* clanpro.ttf */ = {isa = PBXFileReference; lastKnownFileType = file; path = clanpro.ttf; sourceTree = "<group>"; };
		153D5F4E1FD71600008F19F5 /* clanpro-medium.otf */ = {isa = PBXFileReference; lastKnownFileType = file; path = "clanpro-medium.otf"; sourceTree = "<group>"; };
		153D5F521FD757C3008F19F5 /* DIN Bold.ttf */ = {isa = PBXFileReference; lastKnownFileType = file; path = "DIN Bold.ttf"; sourceTree = "<group>"; };
		153D5F561FD84B81008F19F5 /* ar */ = {isa = PBXFileReference; lastKnownFileType = text.plist.strings; name = ar; path = ar.lproj/Main.strings; sourceTree = "<group>"; };
		153D5F571FD84B81008F19F5 /* ar */ = {isa = PBXFileReference; lastKnownFileType = text.plist.strings; name = ar; path = ar.lproj/LaunchScreen.strings; sourceTree = "<group>"; };
		1548BBB71F9BBA74000899E7 /* AVFoundation.framework */ = {isa = PBXFileReference; lastKnownFileType = wrapper.framework; name = AVFoundation.framework; path = System/Library/Frameworks/AVFoundation.framework; sourceTree = SDKROOT; };
		1548BBB91F9BBA78000899E7 /* AudioToolbox.framework */ = {isa = PBXFileReference; lastKnownFileType = wrapper.framework; name = AudioToolbox.framework; path = System/Library/Frameworks/AudioToolbox.framework; sourceTree = SDKROOT; };
		154AC7741F8E8D54009EB6EC /* Extentions.swift */ = {isa = PBXFileReference; lastKnownFileType = sourcecode.swift; path = Extentions.swift; sourceTree = "<group>"; };
		154AC77B1F8E97A7009EB6EC /* FKMenu.swift */ = {isa = PBXFileReference; lastKnownFileType = sourcecode.swift; path = FKMenu.swift; sourceTree = "<group>"; };
		154AC7831F93F3A1009EB6EC /* FKSupplier.swift */ = {isa = PBXFileReference; lastKnownFileType = sourcecode.swift; path = FKSupplier.swift; sourceTree = "<group>"; };
		154AC7851F95198C009EB6EC /* FKOrderItem.swift */ = {isa = PBXFileReference; lastKnownFileType = sourcecode.swift; path = FKOrderItem.swift; sourceTree = "<group>"; };
		154AC7871F951D53009EB6EC /* FKOrder.swift */ = {isa = PBXFileReference; lastKnownFileType = sourcecode.swift; path = FKOrder.swift; sourceTree = "<group>"; };
		154AC7891F95627F009EB6EC /* FKSupplierDispatch.swift */ = {isa = PBXFileReference; lastKnownFileType = sourcecode.swift; path = FKSupplierDispatch.swift; sourceTree = "<group>"; };
		15564B8F1FD8CD02006FEC5B /* DIN-Next.otf */ = {isa = PBXFileReference; lastKnownFileType = file; path = "DIN-Next.otf"; sourceTree = "<group>"; };
		3500145ADD346F0A8BCF21C8 /* Pods-JahizliUITests.debug.xcconfig */ = {isa = PBXFileReference; includeInIndex = 1; lastKnownFileType = text.xcconfig; name = "Pods-JahizliUITests.debug.xcconfig"; path = "Pods/Target Support Files/Pods-JahizliUITests/Pods-JahizliUITests.debug.xcconfig"; sourceTree = "<group>"; };
		4028BF100EFB7DF9520F382A /* Pods-JahizliUITests.release.xcconfig */ = {isa = PBXFileReference; includeInIndex = 1; lastKnownFileType = text.xcconfig; name = "Pods-JahizliUITests.release.xcconfig"; path = "Pods/Target Support Files/Pods-JahizliUITests/Pods-JahizliUITests.release.xcconfig"; sourceTree = "<group>"; };
		7A070E1AFA56E508DA2C333C /* Pods_JahizliTests.framework */ = {isa = PBXFileReference; explicitFileType = wrapper.framework; includeInIndex = 0; path = Pods_JahizliTests.framework; sourceTree = BUILT_PRODUCTS_DIR; };
		CFDE9DCEAE523C00D625FCD1 /* Pods_JahizliUITests.framework */ = {isa = PBXFileReference; explicitFileType = wrapper.framework; includeInIndex = 0; path = Pods_JahizliUITests.framework; sourceTree = BUILT_PRODUCTS_DIR; };
		E5E011971830CA730F1579D9 /* Pods-Jahizli.debug.xcconfig */ = {isa = PBXFileReference; includeInIndex = 1; lastKnownFileType = text.xcconfig; name = "Pods-Jahizli.debug.xcconfig"; path = "Pods/Target Support Files/Pods-Jahizli/Pods-Jahizli.debug.xcconfig"; sourceTree = "<group>"; };
		F868034CBE040F55A72D2FE7 /* Pods-Jahizli.release.xcconfig */ = {isa = PBXFileReference; includeInIndex = 1; lastKnownFileType = text.xcconfig; name = "Pods-Jahizli.release.xcconfig"; path = "Pods/Target Support Files/Pods-Jahizli/Pods-Jahizli.release.xcconfig"; sourceTree = "<group>"; };
		FC318CA0CB4C33C1E47C81A7 /* Pods-JahizliTests.debug.xcconfig */ = {isa = PBXFileReference; includeInIndex = 1; lastKnownFileType = text.xcconfig; name = "Pods-JahizliTests.debug.xcconfig"; path = "Pods/Target Support Files/Pods-JahizliTests/Pods-JahizliTests.debug.xcconfig"; sourceTree = "<group>"; };
		FCEB74B338641ADDCE1BB50E /* Pods-JahizliTests.release.xcconfig */ = {isa = PBXFileReference; includeInIndex = 1; lastKnownFileType = text.xcconfig; name = "Pods-JahizliTests.release.xcconfig"; path = "Pods/Target Support Files/Pods-JahizliTests/Pods-JahizliTests.release.xcconfig"; sourceTree = "<group>"; };
/* End PBXFileReference section */

/* Begin PBXFrameworksBuildPhase section */
		150C2D361F816B91000C2891 /* Frameworks */ = {
			isa = PBXFrameworksBuildPhase;
			buildActionMask = 2147483647;
			files = (
				1548BBBA1F9BBA79000899E7 /* AudioToolbox.framework in Frameworks */,
				1548BBB81F9BBA74000899E7 /* AVFoundation.framework in Frameworks */,
				E4700157CFCCB98D647C3D81 /* Pods_Jahizli.framework in Frameworks */,
			);
			runOnlyForDeploymentPostprocessing = 0;
		};
		150C2D4D1F816B91000C2891 /* Frameworks */ = {
			isa = PBXFrameworksBuildPhase;
			buildActionMask = 2147483647;
			files = (
				25FB7F7126577DEB15C56B2F /* Pods_JahizliTests.framework in Frameworks */,
			);
			runOnlyForDeploymentPostprocessing = 0;
		};
		150C2D581F816B91000C2891 /* Frameworks */ = {
			isa = PBXFrameworksBuildPhase;
			buildActionMask = 2147483647;
			files = (
				B98C98C8A5119BD104A55331 /* Pods_JahizliUITests.framework in Frameworks */,
			);
			runOnlyForDeploymentPostprocessing = 0;
		};
/* End PBXFrameworksBuildPhase section */

/* Begin PBXGroup section */
		150C2D301F816B91000C2891 = {
			isa = PBXGroup;
			children = (
				150C2D3B1F816B91000C2891 /* Jahizli */,
				150C2D531F816B91000C2891 /* JahizliTests */,
				150C2D5E1F816B92000C2891 /* JahizliUITests */,
				150C2D3A1F816B91000C2891 /* Products */,
				CC9A6562A5752F3089DCE260 /* Pods */,
				98928F2625FDB03DE2883F01 /* Frameworks */,
			);
			sourceTree = "<group>";
		};
		150C2D3A1F816B91000C2891 /* Products */ = {
			isa = PBXGroup;
			children = (
				150C2D391F816B91000C2891 /* Jahizli.app */,
				150C2D501F816B91000C2891 /* JahizliTests.xctest */,
				150C2D5B1F816B91000C2891 /* JahizliUITests.xctest */,
			);
			name = Products;
			sourceTree = "<group>";
		};
		150C2D3B1F816B91000C2891 /* Jahizli */ = {
			isa = PBXGroup;
			children = (
				153597E21FD885C1007EBCDB /* FKUserInterface */,
				153597E11FD885AB007EBCDB /* Fonts */,
				153D5F401FD6E8BC008F19F5 /* GoogleService-Info.plist */,
				151868F41F9BC859006FFD43 /* Jahizli.entitlements */,
				154AC7741F8E8D54009EB6EC /* Extentions.swift */,
				15379D351F8BF8150075EDDB /* FKModelClasses */,
				150C2D3C1F816B91000C2891 /* AppDelegate.swift */,
				153D5F421FD6F57E008F19F5 /* PhoneAuthViewController.swift */,
				150C2D3E1F816B91000C2891 /* ViewController.swift */,
				153597DF1FD87EF6007EBCDB /* CreateAccountTableViewController.swift */,
				153D5F441FD7098E008F19F5 /* InitialViewController.swift */,
				150C2D401F816B91000C2891 /* Main.storyboard */,
				150C2D461F816B91000C2891 /* Assets.xcassets */,
				150C2D481F816B91000C2891 /* LaunchScreen.storyboard */,
				150C2D4B1F816B91000C2891 /* Info.plist */,
				150C2D431F816B91000C2891 /* Jahizli.xcdatamodeld */,
			);
			path = Jahizli;
			sourceTree = "<group>";
		};
		150C2D531F816B91000C2891 /* JahizliTests */ = {
			isa = PBXGroup;
			children = (
				150C2D541F816B91000C2891 /* JahizliTests.swift */,
				150C2D561F816B91000C2891 /* Info.plist */,
			);
			path = JahizliTests;
			sourceTree = "<group>";
		};
		150C2D5E1F816B92000C2891 /* JahizliUITests */ = {
			isa = PBXGroup;
			children = (
				150C2D5F1F816B92000C2891 /* JahizliUITests.swift */,
				150C2D611F816B92000C2891 /* Info.plist */,
			);
			path = JahizliUITests;
			sourceTree = "<group>";
		};
		153597E11FD885AB007EBCDB /* Fonts */ = {
			isa = PBXGroup;
			children = (
				15564B8F1FD8CD02006FEC5B /* DIN-Next.otf */,
				153D5F461FD7100B008F19F5 /* DIN Medium.ttf */,
				153D5F4E1FD71600008F19F5 /* clanpro-medium.otf */,
				153D5F521FD757C3008F19F5 /* DIN Bold.ttf */,
				153D5F4A1FD71565008F19F5 /* clanpro.ttf */,
			);
			path = Fonts;
			sourceTree = "<group>";
		};
		153597E21FD885C1007EBCDB /* FKUserInterface */ = {
			isa = PBXGroup;
			children = (
				153597E31FD885DC007EBCDB /* FKCountryCell_EN.swift */,
				153597E51FD88672007EBCDB /* FKPhoneNumberCell_EN.swift */,
				153597E71FD88697007EBCDB /* FKDisclaimerCell_EN.swift */,
			);
			path = FKUserInterface;
			sourceTree = "<group>";
		};
		15379D351F8BF8150075EDDB /* FKModelClasses */ = {
			isa = PBXGroup;
			children = (
				153D5F371FD6E65F008F19F5 /* FKAddManager.swift */,
				153D5F341FD6E65F008F19F5 /* FKArea.swift */,
				153D5F381FD6E65F008F19F5 /* FKAreaManager.swift */,
				153D5F351FD6E65F008F19F5 /* FKCategory.swift */,
				153D5F361FD6E65F008F19F5 /* FKCategoryManager.swift */,
				153D5F391FD6E65F008F19F5 /* FKCommandCenter.swift */,
				15379D361F8BF84C0075EDDB /* FKMenuItem.swift */,
				154AC77B1F8E97A7009EB6EC /* FKMenu.swift */,
				154AC7831F93F3A1009EB6EC /* FKSupplier.swift */,
				154AC7851F95198C009EB6EC /* FKOrderItem.swift */,
				154AC7871F951D53009EB6EC /* FKOrder.swift */,
				154AC7891F95627F009EB6EC /* FKSupplierDispatch.swift */,
				151868F61F9D1394006FFD43 /* FKCustomer.swift */,
			);
			path = FKModelClasses;
			sourceTree = "<group>";
		};
		98928F2625FDB03DE2883F01 /* Frameworks */ = {
			isa = PBXGroup;
			children = (
				1548BBB91F9BBA78000899E7 /* AudioToolbox.framework */,
				1548BBB71F9BBA74000899E7 /* AVFoundation.framework */,
				06604E8F35C937F821F8D31B /* Pods_Jahizli.framework */,
				7A070E1AFA56E508DA2C333C /* Pods_JahizliTests.framework */,
				CFDE9DCEAE523C00D625FCD1 /* Pods_JahizliUITests.framework */,
			);
			name = Frameworks;
			sourceTree = "<group>";
		};
		CC9A6562A5752F3089DCE260 /* Pods */ = {
			isa = PBXGroup;
			children = (
				E5E011971830CA730F1579D9 /* Pods-Jahizli.debug.xcconfig */,
				F868034CBE040F55A72D2FE7 /* Pods-Jahizli.release.xcconfig */,
				FC318CA0CB4C33C1E47C81A7 /* Pods-JahizliTests.debug.xcconfig */,
				FCEB74B338641ADDCE1BB50E /* Pods-JahizliTests.release.xcconfig */,
				3500145ADD346F0A8BCF21C8 /* Pods-JahizliUITests.debug.xcconfig */,
				4028BF100EFB7DF9520F382A /* Pods-JahizliUITests.release.xcconfig */,
			);
			name = Pods;
			sourceTree = "<group>";
		};
/* End PBXGroup section */

/* Begin PBXNativeTarget section */
		150C2D381F816B91000C2891 /* Jahizli */ = {
			isa = PBXNativeTarget;
			buildConfigurationList = 150C2D641F816B92000C2891 /* Build configuration list for PBXNativeTarget "Jahizli" */;
			buildPhases = (
				F113A9A7520E3ACA1CB1E090 /* [CP] Check Pods Manifest.lock */,
				150C2D351F816B91000C2891 /* Sources */,
				150C2D361F816B91000C2891 /* Frameworks */,
				150C2D371F816B91000C2891 /* Resources */,
				670A15C25BD3B599E225943E /* [CP] Embed Pods Frameworks */,
				6FF6181147DBEDA8BF140F17 /* [CP] Copy Pods Resources */,
			);
			buildRules = (
			);
			dependencies = (
			);
			name = Jahizli;
			productName = Jahizli;
			productReference = 150C2D391F816B91000C2891 /* Jahizli.app */;
			productType = "com.apple.product-type.application";
		};
		150C2D4F1F816B91000C2891 /* JahizliTests */ = {
			isa = PBXNativeTarget;
			buildConfigurationList = 150C2D671F816B92000C2891 /* Build configuration list for PBXNativeTarget "JahizliTests" */;
			buildPhases = (
				CEE6C60B93929D6E482C047D /* [CP] Check Pods Manifest.lock */,
				150C2D4C1F816B91000C2891 /* Sources */,
				150C2D4D1F816B91000C2891 /* Frameworks */,
				150C2D4E1F816B91000C2891 /* Resources */,
				ED9EE5BA05DE9ED8059DE21E /* [CP] Embed Pods Frameworks */,
				F7FA94B1F548AE23ED10F024 /* [CP] Copy Pods Resources */,
			);
			buildRules = (
			);
			dependencies = (
				150C2D521F816B91000C2891 /* PBXTargetDependency */,
			);
			name = JahizliTests;
			productName = JahizliTests;
			productReference = 150C2D501F816B91000C2891 /* JahizliTests.xctest */;
			productType = "com.apple.product-type.bundle.unit-test";
		};
		150C2D5A1F816B91000C2891 /* JahizliUITests */ = {
			isa = PBXNativeTarget;
			buildConfigurationList = 150C2D6A1F816B92000C2891 /* Build configuration list for PBXNativeTarget "JahizliUITests" */;
			buildPhases = (
				D4D3F76B08DCCB6B87CACBC9 /* [CP] Check Pods Manifest.lock */,
				150C2D571F816B91000C2891 /* Sources */,
				150C2D581F816B91000C2891 /* Frameworks */,
				150C2D591F816B91000C2891 /* Resources */,
				F34112E1A83E03149B1E6450 /* [CP] Embed Pods Frameworks */,
				189AF784C1D2054E5E33FE81 /* [CP] Copy Pods Resources */,
			);
			buildRules = (
			);
			dependencies = (
				150C2D5D1F816B92000C2891 /* PBXTargetDependency */,
			);
			name = JahizliUITests;
			productName = JahizliUITests;
			productReference = 150C2D5B1F816B91000C2891 /* JahizliUITests.xctest */;
			productType = "com.apple.product-type.bundle.ui-testing";
		};
/* End PBXNativeTarget section */

/* Begin PBXProject section */
		150C2D311F816B91000C2891 /* Project object */ = {
			isa = PBXProject;
			attributes = {
				LastSwiftUpdateCheck = 0900;
				LastUpgradeCheck = 0900;
				ORGANIZATIONNAME = FekaTech;
				TargetAttributes = {
					150C2D381F816B91000C2891 = {
						CreatedOnToolsVersion = 9.0;
						ProvisioningStyle = Automatic;
						SystemCapabilities = {
							com.apple.BackgroundModes = {
								enabled = 1;
							};
							com.apple.Push = {
								enabled = 1;
							};
						};
					};
					150C2D4F1F816B91000C2891 = {
						CreatedOnToolsVersion = 9.0;
						ProvisioningStyle = Automatic;
						TestTargetID = 150C2D381F816B91000C2891;
					};
					150C2D5A1F816B91000C2891 = {
						CreatedOnToolsVersion = 9.0;
						ProvisioningStyle = Automatic;
						TestTargetID = 150C2D381F816B91000C2891;
					};
				};
			};
			buildConfigurationList = 150C2D341F816B91000C2891 /* Build configuration list for PBXProject "Jahizli" */;
			compatibilityVersion = "Xcode 8.0";
			developmentRegion = en;
			hasScannedForEncodings = 0;
			knownRegions = (
				en,
				Base,
			);
			mainGroup = 150C2D301F816B91000C2891;
			productRefGroup = 150C2D3A1F816B91000C2891 /* Products */;
			projectDirPath = "";
			projectRoot = "";
			targets = (
				150C2D381F816B91000C2891 /* Jahizli */,
				150C2D4F1F816B91000C2891 /* JahizliTests */,
				150C2D5A1F816B91000C2891 /* JahizliUITests */,
			);
		};
/* End PBXProject section */

/* Begin PBXResourcesBuildPhase section */
		150C2D371F816B91000C2891 /* Resources */ = {
			isa = PBXResourcesBuildPhase;
			buildActionMask = 2147483647;
			files = (
				150C2D4A1F816B91000C2891 /* LaunchScreen.storyboard in Resources */,
				153D5F471FD7100C008F19F5 /* DIN Medium.ttf in Resources */,
				153D5F411FD6E8BC008F19F5 /* GoogleService-Info.plist in Resources */,
				150C2D471F816B91000C2891 /* Assets.xcassets in Resources */,
				153D5F531FD757C4008F19F5 /* DIN Bold.ttf in Resources */,
				153D5F4F1FD71601008F19F5 /* clanpro-medium.otf in Resources */,
				153D5F4B1FD71565008F19F5 /* clanpro.ttf in Resources */,
				150C2D421F816B91000C2891 /* Main.storyboard in Resources */,
				15564B901FD8CD03006FEC5B /* DIN-Next.otf in Resources */,
			);
			runOnlyForDeploymentPostprocessing = 0;
		};
		150C2D4E1F816B91000C2891 /* Resources */ = {
			isa = PBXResourcesBuildPhase;
			buildActionMask = 2147483647;
			files = (
				153D5F541FD757C4008F19F5 /* DIN Bold.ttf in Resources */,
				153D5F501FD71601008F19F5 /* clanpro-medium.otf in Resources */,
				15564B911FD8CD03006FEC5B /* DIN-Next.otf in Resources */,
				153D5F4C1FD71565008F19F5 /* clanpro.ttf in Resources */,
				153D5F481FD7100C008F19F5 /* DIN Medium.ttf in Resources */,
			);
			runOnlyForDeploymentPostprocessing = 0;
		};
		150C2D591F816B91000C2891 /* Resources */ = {
			isa = PBXResourcesBuildPhase;
			buildActionMask = 2147483647;
			files = (
				153D5F551FD757C4008F19F5 /* DIN Bold.ttf in Resources */,
				153D5F511FD71601008F19F5 /* clanpro-medium.otf in Resources */,
				15564B921FD8CD03006FEC5B /* DIN-Next.otf in Resources */,
				153D5F4D1FD71565008F19F5 /* clanpro.ttf in Resources */,
				153D5F491FD7100C008F19F5 /* DIN Medium.ttf in Resources */,
			);
			runOnlyForDeploymentPostprocessing = 0;
		};
/* End PBXResourcesBuildPhase section */

/* Begin PBXShellScriptBuildPhase section */
		189AF784C1D2054E5E33FE81 /* [CP] Copy Pods Resources */ = {
			isa = PBXShellScriptBuildPhase;
			buildActionMask = 2147483647;
			files = (
			);
			inputPaths = (
			);
			name = "[CP] Copy Pods Resources";
			outputPaths = (
			);
			runOnlyForDeploymentPostprocessing = 0;
			shellPath = /bin/sh;
			shellScript = "\"${SRCROOT}/Pods/Target Support Files/Pods-JahizliUITests/Pods-JahizliUITests-resources.sh\"\n";
			showEnvVarsInLog = 0;
		};
		670A15C25BD3B599E225943E /* [CP] Embed Pods Frameworks */ = {
			isa = PBXShellScriptBuildPhase;
			buildActionMask = 2147483647;
			files = (
			);
			inputPaths = (
			);
			name = "[CP] Embed Pods Frameworks";
			outputPaths = (
			);
			runOnlyForDeploymentPostprocessing = 0;
			shellPath = /bin/sh;
			shellScript = "\"${SRCROOT}/Pods/Target Support Files/Pods-Jahizli/Pods-Jahizli-frameworks.sh\"\n";
			showEnvVarsInLog = 0;
		};
		6FF6181147DBEDA8BF140F17 /* [CP] Copy Pods Resources */ = {
			isa = PBXShellScriptBuildPhase;
			buildActionMask = 2147483647;
			files = (
			);
			inputPaths = (
			);
			name = "[CP] Copy Pods Resources";
			outputPaths = (
			);
			runOnlyForDeploymentPostprocessing = 0;
			shellPath = /bin/sh;
			shellScript = "\"${SRCROOT}/Pods/Target Support Files/Pods-Jahizli/Pods-Jahizli-resources.sh\"\n";
			showEnvVarsInLog = 0;
		};
		CEE6C60B93929D6E482C047D /* [CP] Check Pods Manifest.lock */ = {
			isa = PBXShellScriptBuildPhase;
			buildActionMask = 2147483647;
			files = (
			);
			inputPaths = (
			);
			name = "[CP] Check Pods Manifest.lock";
			outputPaths = (
			);
			runOnlyForDeploymentPostprocessing = 0;
			shellPath = /bin/sh;
			shellScript = "diff \"${PODS_ROOT}/../Podfile.lock\" \"${PODS_ROOT}/Manifest.lock\" > /dev/null\nif [ $? != 0 ] ; then\n    # print error to STDERR\n    echo \"error: The sandbox is not in sync with the Podfile.lock. Run 'pod install' or update your CocoaPods installation.\" >&2\n    exit 1\nfi\n";
			showEnvVarsInLog = 0;
		};
		D4D3F76B08DCCB6B87CACBC9 /* [CP] Check Pods Manifest.lock */ = {
			isa = PBXShellScriptBuildPhase;
			buildActionMask = 2147483647;
			files = (
			);
			inputPaths = (
			);
			name = "[CP] Check Pods Manifest.lock";
			outputPaths = (
			);
			runOnlyForDeploymentPostprocessing = 0;
			shellPath = /bin/sh;
			shellScript = "diff \"${PODS_ROOT}/../Podfile.lock\" \"${PODS_ROOT}/Manifest.lock\" > /dev/null\nif [ $? != 0 ] ; then\n    # print error to STDERR\n    echo \"error: The sandbox is not in sync with the Podfile.lock. Run 'pod install' or update your CocoaPods installation.\" >&2\n    exit 1\nfi\n";
			showEnvVarsInLog = 0;
		};
		ED9EE5BA05DE9ED8059DE21E /* [CP] Embed Pods Frameworks */ = {
			isa = PBXShellScriptBuildPhase;
			buildActionMask = 2147483647;
			files = (
			);
			inputPaths = (
			);
			name = "[CP] Embed Pods Frameworks";
			outputPaths = (
			);
			runOnlyForDeploymentPostprocessing = 0;
			shellPath = /bin/sh;
			shellScript = "\"${SRCROOT}/Pods/Target Support Files/Pods-JahizliTests/Pods-JahizliTests-frameworks.sh\"\n";
			showEnvVarsInLog = 0;
		};
		F113A9A7520E3ACA1CB1E090 /* [CP] Check Pods Manifest.lock */ = {
			isa = PBXShellScriptBuildPhase;
			buildActionMask = 2147483647;
			files = (
			);
			inputPaths = (
			);
			name = "[CP] Check Pods Manifest.lock";
			outputPaths = (
			);
			runOnlyForDeploymentPostprocessing = 0;
			shellPath = /bin/sh;
			shellScript = "diff \"${PODS_ROOT}/../Podfile.lock\" \"${PODS_ROOT}/Manifest.lock\" > /dev/null\nif [ $? != 0 ] ; then\n    # print error to STDERR\n    echo \"error: The sandbox is not in sync with the Podfile.lock. Run 'pod install' or update your CocoaPods installation.\" >&2\n    exit 1\nfi\n";
			showEnvVarsInLog = 0;
		};
		F34112E1A83E03149B1E6450 /* [CP] Embed Pods Frameworks */ = {
			isa = PBXShellScriptBuildPhase;
			buildActionMask = 2147483647;
			files = (
			);
			inputPaths = (
			);
			name = "[CP] Embed Pods Frameworks";
			outputPaths = (
			);
			runOnlyForDeploymentPostprocessing = 0;
			shellPath = /bin/sh;
			shellScript = "\"${SRCROOT}/Pods/Target Support Files/Pods-JahizliUITests/Pods-JahizliUITests-frameworks.sh\"\n";
			showEnvVarsInLog = 0;
		};
		F7FA94B1F548AE23ED10F024 /* [CP] Copy Pods Resources */ = {
			isa = PBXShellScriptBuildPhase;
			buildActionMask = 2147483647;
			files = (
			);
			inputPaths = (
			);
			name = "[CP] Copy Pods Resources";
			outputPaths = (
			);
			runOnlyForDeploymentPostprocessing = 0;
			shellPath = /bin/sh;
			shellScript = "\"${SRCROOT}/Pods/Target Support Files/Pods-JahizliTests/Pods-JahizliTests-resources.sh\"\n";
			showEnvVarsInLog = 0;
		};
/* End PBXShellScriptBuildPhase section */

/* Begin PBXSourcesBuildPhase section */
		150C2D351F816B91000C2891 /* Sources */ = {
			isa = PBXSourcesBuildPhase;
			buildActionMask = 2147483647;
			files = (
				154AC7861F95198C009EB6EC /* FKOrderItem.swift in Sources */,
				153D5F3B1FD6E65F008F19F5 /* FKCategory.swift in Sources */,
				153D5F3A1FD6E65F008F19F5 /* FKArea.swift in Sources */,
				153597E61FD88672007EBCDB /* FKPhoneNumberCell_EN.swift in Sources */,
				153D5F3E1FD6E65F008F19F5 /* FKAreaManager.swift in Sources */,
				153D5F3D1FD6E65F008F19F5 /* FKAddManager.swift in Sources */,
				153597E01FD87EF6007EBCDB /* CreateAccountTableViewController.swift in Sources */,
				154AC7881F951D53009EB6EC /* FKOrder.swift in Sources */,
				153597E81FD88697007EBCDB /* FKDisclaimerCell_EN.swift in Sources */,
				15379D371F8BF84C0075EDDB /* FKMenuItem.swift in Sources */,
				154AC7841F93F3A1009EB6EC /* FKSupplier.swift in Sources */,
				150C2D3F1F816B91000C2891 /* ViewController.swift in Sources */,
				154AC7751F8E8D54009EB6EC /* Extentions.swift in Sources */,
				153D5F3F1FD6E65F008F19F5 /* FKCommandCenter.swift in Sources */,
				151868F71F9D1394006FFD43 /* FKCustomer.swift in Sources */,
				150C2D3D1F816B91000C2891 /* AppDelegate.swift in Sources */,
				150C2D451F816B91000C2891 /* Jahizli.xcdatamodeld in Sources */,
				153597E41FD885DC007EBCDB /* FKCountryCell_EN.swift in Sources */,
				154AC78A1F95627F009EB6EC /* FKSupplierDispatch.swift in Sources */,
				153D5F451FD7098E008F19F5 /* InitialViewController.swift in Sources */,
				153D5F3C1FD6E65F008F19F5 /* FKCategoryManager.swift in Sources */,
				154AC77C1F8E97A7009EB6EC /* FKMenu.swift in Sources */,
				153D5F431FD6F57E008F19F5 /* PhoneAuthViewController.swift in Sources */,
			);
			runOnlyForDeploymentPostprocessing = 0;
		};
		150C2D4C1F816B91000C2891 /* Sources */ = {
			isa = PBXSourcesBuildPhase;
			buildActionMask = 2147483647;
			files = (
				150C2D551F816B91000C2891 /* JahizliTests.swift in Sources */,
			);
			runOnlyForDeploymentPostprocessing = 0;
		};
		150C2D571F816B91000C2891 /* Sources */ = {
			isa = PBXSourcesBuildPhase;
			buildActionMask = 2147483647;
			files = (
				150C2D601F816B92000C2891 /* JahizliUITests.swift in Sources */,
			);
			runOnlyForDeploymentPostprocessing = 0;
		};
/* End PBXSourcesBuildPhase section */

/* Begin PBXTargetDependency section */
		150C2D521F816B91000C2891 /* PBXTargetDependency */ = {
			isa = PBXTargetDependency;
			target = 150C2D381F816B91000C2891 /* Jahizli */;
			targetProxy = 150C2D511F816B91000C2891 /* PBXContainerItemProxy */;
		};
		150C2D5D1F816B92000C2891 /* PBXTargetDependency */ = {
			isa = PBXTargetDependency;
			target = 150C2D381F816B91000C2891 /* Jahizli */;
			targetProxy = 150C2D5C1F816B92000C2891 /* PBXContainerItemProxy */;
		};
/* End PBXTargetDependency section */

/* Begin PBXVariantGroup section */
		150C2D401F816B91000C2891 /* Main.storyboard */ = {
			isa = PBXVariantGroup;
			children = (
				150C2D411F816B91000C2891 /* Base */,
				153D5F561FD84B81008F19F5 /* ar */,
			);
			name = Main.storyboard;
			sourceTree = "<group>";
		};
		150C2D481F816B91000C2891 /* LaunchScreen.storyboard */ = {
			isa = PBXVariantGroup;
			children = (
				150C2D491F816B91000C2891 /* Base */,
				153D5F571FD84B81008F19F5 /* ar */,
			);
			name = LaunchScreen.storyboard;
			sourceTree = "<group>";
		};
/* End PBXVariantGroup section */

/* Begin XCBuildConfiguration section */
		150C2D621F816B92000C2891 /* Debug */ = {
			isa = XCBuildConfiguration;
			buildSettings = {
				ALWAYS_SEARCH_USER_PATHS = NO;
				CLANG_ANALYZER_LOCALIZABILITY_NONLOCALIZED = YES;
				CLANG_ANALYZER_NONNULL = YES;
				CLANG_ANALYZER_NUMBER_OBJECT_CONVERSION = YES_AGGRESSIVE;
				CLANG_CXX_LANGUAGE_STANDARD = "gnu++14";
				CLANG_CXX_LIBRARY = "libc++";
				CLANG_ENABLE_MODULES = YES;
				CLANG_ENABLE_OBJC_ARC = YES;
				CLANG_WARN_BLOCK_CAPTURE_AUTORELEASING = YES;
				CLANG_WARN_BOOL_CONVERSION = YES;
				CLANG_WARN_COMMA = YES;
				CLANG_WARN_CONSTANT_CONVERSION = YES;
				CLANG_WARN_DIRECT_OBJC_ISA_USAGE = YES_ERROR;
				CLANG_WARN_DOCUMENTATION_COMMENTS = YES;
				CLANG_WARN_EMPTY_BODY = YES;
				CLANG_WARN_ENUM_CONVERSION = YES;
				CLANG_WARN_INFINITE_RECURSION = YES;
				CLANG_WARN_INT_CONVERSION = YES;
				CLANG_WARN_NON_LITERAL_NULL_CONVERSION = YES;
				CLANG_WARN_OBJC_LITERAL_CONVERSION = YES;
				CLANG_WARN_OBJC_ROOT_CLASS = YES_ERROR;
				CLANG_WARN_RANGE_LOOP_ANALYSIS = YES;
				CLANG_WARN_STRICT_PROTOTYPES = YES;
				CLANG_WARN_SUSPICIOUS_MOVE = YES;
				CLANG_WARN_UNGUARDED_AVAILABILITY = YES_AGGRESSIVE;
				CLANG_WARN_UNREACHABLE_CODE = YES;
				CLANG_WARN__DUPLICATE_METHOD_MATCH = YES;
				CODE_SIGN_IDENTITY = "iPhone Developer";
				COPY_PHASE_STRIP = NO;
				DEBUG_INFORMATION_FORMAT = dwarf;
				ENABLE_STRICT_OBJC_MSGSEND = YES;
				ENABLE_TESTABILITY = YES;
				GCC_C_LANGUAGE_STANDARD = gnu11;
				GCC_DYNAMIC_NO_PIC = NO;
				GCC_NO_COMMON_BLOCKS = YES;
				GCC_OPTIMIZATION_LEVEL = 0;
				GCC_PREPROCESSOR_DEFINITIONS = (
					"DEBUG=1",
					"$(inherited)",
				);
				GCC_WARN_64_TO_32_BIT_CONVERSION = YES;
				GCC_WARN_ABOUT_RETURN_TYPE = YES_ERROR;
				GCC_WARN_UNDECLARED_SELECTOR = YES;
				GCC_WARN_UNINITIALIZED_AUTOS = YES_AGGRESSIVE;
				GCC_WARN_UNUSED_FUNCTION = YES;
				GCC_WARN_UNUSED_VARIABLE = YES;
				IPHONEOS_DEPLOYMENT_TARGET = 11.1;
				MTL_ENABLE_DEBUG_INFO = YES;
				ONLY_ACTIVE_ARCH = YES;
				SDKROOT = iphoneos;
				SWIFT_ACTIVE_COMPILATION_CONDITIONS = DEBUG;
				SWIFT_OPTIMIZATION_LEVEL = "-Onone";
			};
			name = Debug;
		};
		150C2D631F816B92000C2891 /* Release */ = {
			isa = XCBuildConfiguration;
			buildSettings = {
				ALWAYS_SEARCH_USER_PATHS = NO;
				CLANG_ANALYZER_LOCALIZABILITY_NONLOCALIZED = YES;
				CLANG_ANALYZER_NONNULL = YES;
				CLANG_ANALYZER_NUMBER_OBJECT_CONVERSION = YES_AGGRESSIVE;
				CLANG_CXX_LANGUAGE_STANDARD = "gnu++14";
				CLANG_CXX_LIBRARY = "libc++";
				CLANG_ENABLE_MODULES = YES;
				CLANG_ENABLE_OBJC_ARC = YES;
				CLANG_WARN_BLOCK_CAPTURE_AUTORELEASING = YES;
				CLANG_WARN_BOOL_CONVERSION = YES;
				CLANG_WARN_COMMA = YES;
				CLANG_WARN_CONSTANT_CONVERSION = YES;
				CLANG_WARN_DIRECT_OBJC_ISA_USAGE = YES_ERROR;
				CLANG_WARN_DOCUMENTATION_COMMENTS = YES;
				CLANG_WARN_EMPTY_BODY = YES;
				CLANG_WARN_ENUM_CONVERSION = YES;
				CLANG_WARN_INFINITE_RECURSION = YES;
				CLANG_WARN_INT_CONVERSION = YES;
				CLANG_WARN_NON_LITERAL_NULL_CONVERSION = YES;
				CLANG_WARN_OBJC_LITERAL_CONVERSION = YES;
				CLANG_WARN_OBJC_ROOT_CLASS = YES_ERROR;
				CLANG_WARN_RANGE_LOOP_ANALYSIS = YES;
				CLANG_WARN_STRICT_PROTOTYPES = YES;
				CLANG_WARN_SUSPICIOUS_MOVE = YES;
				CLANG_WARN_UNGUARDED_AVAILABILITY = YES_AGGRESSIVE;
				CLANG_WARN_UNREACHABLE_CODE = YES;
				CLANG_WARN__DUPLICATE_METHOD_MATCH = YES;
				CODE_SIGN_IDENTITY = "iPhone Developer";
				COPY_PHASE_STRIP = NO;
				DEBUG_INFORMATION_FORMAT = "dwarf-with-dsym";
				ENABLE_NS_ASSERTIONS = NO;
				ENABLE_STRICT_OBJC_MSGSEND = YES;
				GCC_C_LANGUAGE_STANDARD = gnu11;
				GCC_NO_COMMON_BLOCKS = YES;
				GCC_WARN_64_TO_32_BIT_CONVERSION = YES;
				GCC_WARN_ABOUT_RETURN_TYPE = YES_ERROR;
				GCC_WARN_UNDECLARED_SELECTOR = YES;
				GCC_WARN_UNINITIALIZED_AUTOS = YES_AGGRESSIVE;
				GCC_WARN_UNUSED_FUNCTION = YES;
				GCC_WARN_UNUSED_VARIABLE = YES;
				IPHONEOS_DEPLOYMENT_TARGET = 11.1;
				MTL_ENABLE_DEBUG_INFO = NO;
				SDKROOT = iphoneos;
				SWIFT_OPTIMIZATION_LEVEL = "-Owholemodule";
				VALIDATE_PRODUCT = YES;
			};
			name = Release;
		};
		150C2D651F816B92000C2891 /* Debug */ = {
			isa = XCBuildConfiguration;
			baseConfigurationReference = E5E011971830CA730F1579D9 /* Pods-Jahizli.debug.xcconfig */;
			buildSettings = {
				ASSETCATALOG_COMPILER_APPICON_NAME = AppIcon;
				CODE_SIGN_ENTITLEMENTS = Jahizli/Jahizli.entitlements;
				CODE_SIGN_STYLE = Automatic;
				DEVELOPMENT_TEAM = W9TR9GJ5W6;
				INFOPLIST_FILE = Jahizli/Info.plist;
				LD_RUNPATH_SEARCH_PATHS = "$(inherited) @executable_path/Frameworks";
				PRODUCT_BUNDLE_IDENTIFIER = com.jahizli;
				PRODUCT_NAME = "$(TARGET_NAME)";
				SWIFT_VERSION = 4.0;
				TARGETED_DEVICE_FAMILY = 1;
			};
			name = Debug;
		};
		150C2D661F816B92000C2891 /* Release */ = {
			isa = XCBuildConfiguration;
			baseConfigurationReference = F868034CBE040F55A72D2FE7 /* Pods-Jahizli.release.xcconfig */;
			buildSettings = {
				ASSETCATALOG_COMPILER_APPICON_NAME = AppIcon;
				CODE_SIGN_ENTITLEMENTS = Jahizli/Jahizli.entitlements;
				CODE_SIGN_STYLE = Automatic;
				DEVELOPMENT_TEAM = W9TR9GJ5W6;
				INFOPLIST_FILE = Jahizli/Info.plist;
				LD_RUNPATH_SEARCH_PATHS = "$(inherited) @executable_path/Frameworks";
				PRODUCT_BUNDLE_IDENTIFIER = com.jahizli;
				PRODUCT_NAME = "$(TARGET_NAME)";
				SWIFT_VERSION = 4.0;
				TARGETED_DEVICE_FAMILY = 1;
			};
			name = Release;
		};
		150C2D681F816B92000C2891 /* Debug */ = {
			isa = XCBuildConfiguration;
			baseConfigurationReference = FC318CA0CB4C33C1E47C81A7 /* Pods-JahizliTests.debug.xcconfig */;
			buildSettings = {
				ALWAYS_EMBED_SWIFT_STANDARD_LIBRARIES = YES;
				BUNDLE_LOADER = "$(TEST_HOST)";
				CODE_SIGN_STYLE = Automatic;
				DEVELOPMENT_TEAM = W9TR9GJ5W6;
				INFOPLIST_FILE = JahizliTests/Info.plist;
				LD_RUNPATH_SEARCH_PATHS = "$(inherited) @executable_path/Frameworks @loader_path/Frameworks";
				PRODUCT_BUNDLE_IDENTIFIER = "Abdullah-Al-Dhabaib.JahizliTests";
				PRODUCT_NAME = "$(TARGET_NAME)";
				SWIFT_VERSION = 4.0;
				TARGETED_DEVICE_FAMILY = "1,2";
				TEST_HOST = "$(BUILT_PRODUCTS_DIR)/Jahizli.app/Jahizli";
			};
			name = Debug;
		};
		150C2D691F816B92000C2891 /* Release */ = {
			isa = XCBuildConfiguration;
			baseConfigurationReference = FCEB74B338641ADDCE1BB50E /* Pods-JahizliTests.release.xcconfig */;
			buildSettings = {
				ALWAYS_EMBED_SWIFT_STANDARD_LIBRARIES = YES;
				BUNDLE_LOADER = "$(TEST_HOST)";
				CODE_SIGN_STYLE = Automatic;
				DEVELOPMENT_TEAM = W9TR9GJ5W6;
				INFOPLIST_FILE = JahizliTests/Info.plist;
				LD_RUNPATH_SEARCH_PATHS = "$(inherited) @executable_path/Frameworks @loader_path/Frameworks";
				PRODUCT_BUNDLE_IDENTIFIER = "Abdullah-Al-Dhabaib.JahizliTests";
				PRODUCT_NAME = "$(TARGET_NAME)";
				SWIFT_VERSION = 4.0;
				TARGETED_DEVICE_FAMILY = "1,2";
				TEST_HOST = "$(BUILT_PRODUCTS_DIR)/Jahizli.app/Jahizli";
			};
			name = Release;
		};
		150C2D6B1F816B92000C2891 /* Debug */ = {
			isa = XCBuildConfiguration;
			baseConfigurationReference = 3500145ADD346F0A8BCF21C8 /* Pods-JahizliUITests.debug.xcconfig */;
			buildSettings = {
				ALWAYS_EMBED_SWIFT_STANDARD_LIBRARIES = YES;
				CODE_SIGN_STYLE = Automatic;
				DEVELOPMENT_TEAM = W9TR9GJ5W6;
				INFOPLIST_FILE = JahizliUITests/Info.plist;
				LD_RUNPATH_SEARCH_PATHS = "$(inherited) @executable_path/Frameworks @loader_path/Frameworks";
				PRODUCT_BUNDLE_IDENTIFIER = "Abdullah-Al-Dhabaib.JahizliUITests";
				PRODUCT_NAME = "$(TARGET_NAME)";
				SWIFT_VERSION = 4.0;
				TARGETED_DEVICE_FAMILY = "1,2";
				TEST_TARGET_NAME = Jahizli;
			};
			name = Debug;
		};
		150C2D6C1F816B92000C2891 /* Release */ = {
			isa = XCBuildConfiguration;
			baseConfigurationReference = 4028BF100EFB7DF9520F382A /* Pods-JahizliUITests.release.xcconfig */;
			buildSettings = {
				ALWAYS_EMBED_SWIFT_STANDARD_LIBRARIES = YES;
				CODE_SIGN_STYLE = Automatic;
				DEVELOPMENT_TEAM = W9TR9GJ5W6;
				INFOPLIST_FILE = JahizliUITests/Info.plist;
				LD_RUNPATH_SEARCH_PATHS = "$(inherited) @executable_path/Frameworks @loader_path/Frameworks";
				PRODUCT_BUNDLE_IDENTIFIER = "Abdullah-Al-Dhabaib.JahizliUITests";
				PRODUCT_NAME = "$(TARGET_NAME)";
				SWIFT_VERSION = 4.0;
				TARGETED_DEVICE_FAMILY = "1,2";
				TEST_TARGET_NAME = Jahizli;
			};
			name = Release;
		};
/* End XCBuildConfiguration section */

/* Begin XCConfigurationList section */
		150C2D341F816B91000C2891 /* Build configuration list for PBXProject "Jahizli" */ = {
			isa = XCConfigurationList;
			buildConfigurations = (
				150C2D621F816B92000C2891 /* Debug */,
				150C2D631F816B92000C2891 /* Release */,
			);
			defaultConfigurationIsVisible = 0;
			defaultConfigurationName = Release;
		};
		150C2D641F816B92000C2891 /* Build configuration list for PBXNativeTarget "Jahizli" */ = {
			isa = XCConfigurationList;
			buildConfigurations = (
				150C2D651F816B92000C2891 /* Debug */,
				150C2D661F816B92000C2891 /* Release */,
			);
			defaultConfigurationIsVisible = 0;
			defaultConfigurationName = Release;
		};
		150C2D671F816B92000C2891 /* Build configuration list for PBXNativeTarget "JahizliTests" */ = {
			isa = XCConfigurationList;
			buildConfigurations = (
				150C2D681F816B92000C2891 /* Debug */,
				150C2D691F816B92000C2891 /* Release */,
			);
			defaultConfigurationIsVisible = 0;
			defaultConfigurationName = Release;
		};
		150C2D6A1F816B92000C2891 /* Build configuration list for PBXNativeTarget "JahizliUITests" */ = {
			isa = XCConfigurationList;
			buildConfigurations = (
				150C2D6B1F816B92000C2891 /* Debug */,
				150C2D6C1F816B92000C2891 /* Release */,
			);
			defaultConfigurationIsVisible = 0;
			defaultConfigurationName = Release;
		};
/* End XCConfigurationList section */

/* Begin XCVersionGroup section */
		150C2D431F816B91000C2891 /* Jahizli.xcdatamodeld */ = {
			isa = XCVersionGroup;
			children = (
				150C2D441F816B91000C2891 /* Jahizli.xcdatamodel */,
			);
			currentVersion = 150C2D441F816B91000C2891 /* Jahizli.xcdatamodel */;
			path = Jahizli.xcdatamodeld;
			sourceTree = "<group>";
			versionGroupType = wrapper.xcdatamodel;
		};
/* End XCVersionGroup section */
	};
	rootObject = 150C2D311F816B91000C2891 /* Project object */;
}
